{
	"name": "google-maps",
	"version": "0.0.0-version-placeholder",
	"lockfileVersion": 2,
	"requires": true,
	"packages": {
		"": {
			"name": "google-maps",
			"version": "0.0.0-version-placeholder",
			"license": "MIT",
			"dependencies": {
				"@types/google.maps": "^3.45.2"
			},
			"devDependencies": {
				"@types/node": "^14.0.14",
				"typescript": "^3.9.5"
			}
		},
		"node_modules/@types/google.maps": {
			"version": "3.45.2",
			"resolved": "https://registry.npmjs.org/@types/google.maps/-/google.maps-3.45.2.tgz",
			"integrity": "sha512-3hKhaLt4EcKzssjmpIH8M12tN8WHp/gz7lh+85NdwXGtGSAjtiOEG4st9XdvaZkUHtlNaiAP2PlDbkNnNmD2NQ=="
		},
		"node_modules/@types/node": {
			"version": "14.0.14",
			"resolved": "https://registry.npmjs.org/@types/node/-/node-14.0.14.tgz",
			"integrity": "sha512-syUgf67ZQpaJj01/tRTknkMNoBBLWJOBODF0Zm4NrXmiSuxjymFrxnTu1QVYRubhVkRcZLYZG8STTwJRdVm/WQ==",
			"dev": true
		},
		"node_modules/typescript": {
			"version": "3.9.5",
			"resolved": "https://registry.npmjs.org/typescript/-/typescript-3.9.5.tgz",
			"integrity": "sha512-hSAifV3k+i6lEoCJ2k6R2Z/rp/H3+8sdmcn5NrS3/3kE7+RyZXm9aqvxWqjEXHAd8b0pShatpcdMTvEdvAJltQ==",
			"dev": true,
			"bin": {
				"tsc": "bin/tsc",
				"tsserver": "bin/tsserver"
			},
			"engines": {
				"node": ">=4.2.0"
			}
		}
	},
	"dependencies": {
		"@types/google.maps": {
			"version": "3.45.2",
			"resolved": "https://registry.npmjs.org/@types/google.maps/-/google.maps-3.45.2.tgz",
			"integrity": "sha512-3hKhaLt4EcKzssjmpIH8M12tN8WHp/gz7lh+85NdwXGtGSAjtiOEG4st9XdvaZkUHtlNaiAP2PlDbkNnNmD2NQ=="
		},
		"@types/node": {
			"version": "14.0.14",
			"resolved": "https://registry.npmjs.org/@types/node/-/node-14.0.14.tgz",
			"integrity": "sha512-syUgf67ZQpaJj01/tRTknkMNoBBLWJOBODF0Zm4NrXmiSuxjymFrxnTu1QVYRubhVkRcZLYZG8STTwJRdVm/WQ==",
			"dev": true
		},
		"typescript": {
			"version": "3.9.5",
			"resolved": "https://registry.npmjs.org/typescript/-/typescript-3.9.5.tgz",
			"integrity": "sha512-hSAifV3k+i6lEoCJ2k6R2Z/rp/H3+8sdmcn5NrS3/3kE7+RyZXm9aqvxWqjEXHAd8b0pShatpcdMTvEdvAJltQ==",
			"dev": true
		}
	}
}
