{
	"name": "google-maps",
	"version": "0.0.0-version-placeholder",
	"lockfileVersion": 1,
	"requires": true,
	"dependencies": {
		"@types/googlemaps": {
			"version": "3.39.8",
			"resolved": "https://registry.npmjs.org/@types/googlemaps/-/googlemaps-3.39.8.tgz",
			"integrity": "sha512-z03u79t1v8QIktoUXypWD06Fzl499/hA162hurA+eCDlWXxFynuU+hMZIaferILF5Gzr4PMX1ShHszT666sUHQ=="
		},
		"@types/node": {
			"version": "14.0.14",
			"resolved": "https://registry.npmjs.org/@types/node/-/node-14.0.14.tgz",
			"integrity": "sha512-syUgf67ZQpaJj01/tRTknkMNoBBLWJOBODF0Zm4NrXmiSuxjymFrxnTu1QVYRubhVkRcZLYZG8STTwJRdVm/WQ==",
			"dev": true
		},
		"typescript": {
			"version": "3.9.5",
			"resolved": "https://registry.npmjs.org/typescript/-/typescript-3.9.5.tgz",
			"integrity": "sha512-hSAifV3k+i6lEoCJ2k6R2Z/rp/H3+8sdmcn5NrS3/3kE7+RyZXm9aqvxWqjEXHAd8b0pShatpcdMTvEdvAJltQ==",
			"dev": true
		}
	}
}
